# THIS IS AN AUTOGENERATED FILE. DO NOT EDIT THIS FILE DIRECTLY.
# yarn lockfile v1


"@openzeppelin/contracts@^4.5.0":
  version "4.5.0"
  resolved "https://registry.yarnpkg.com/@openzeppelin/contracts/-/contracts-4.5.0.tgz#3fd75d57de172b3743cdfc1206883f56430409cc"
  integrity sha512-fdkzKPYMjrRiPK6K4y64e6GzULR7R7RwxSigHS8DDp7aWDeoReqsQI+cxHV1UuhAqX69L1lAaWDxenfP+xiqzA==

axios@^0.26.1:
  version "0.26.1"
  resolved "https://registry.yarnpkg.com/axios/-/axios-0.26.1.tgz#1ede41c51fcf51bbbd6fd43669caaa4f0495aaa9"
  integrity sha512-fPwcX4EvnSHuInCMItEhAGnaSEXRBjtzh9fOtsE6E1G6p7vl7edEeZe11QHf18+6+9gR5PbKV/sGKNaD8YaMeA==
  dependencies:
    follow-redirects "^1.14.8"

circular@^1.0.5:
  version "1.0.5"
  resolved "https://registry.yarnpkg.com/circular/-/circular-1.0.5.tgz#7da77af98bbde9ce4b5b358cd556b5dded2d3149"
  integrity sha1-fad6+Yu96c5LWzWM1Va13e0tMUk=

cli-logger@^0.5.40:
  version "0.5.40"
  resolved "https://registry.yarnpkg.com/cli-logger/-/cli-logger-0.5.40.tgz#097f0e11b072c7c698a26c47f588a29c20b48b0b"
  integrity sha1-CX8OEbByx8aYomxH9YiinCC0iws=
  dependencies:
    circular "^1.0.5"
    cli-util "~1.1.27"

cli-regexp@~0.1.0:
  version "0.1.2"
  resolved "https://registry.yarnpkg.com/cli-regexp/-/cli-regexp-0.1.2.tgz#6bcd93b09fb2ed1025d30a1155d5997954a53512"
  integrity sha1-a82TsJ+y7RAl0woRVdWZeVSlNRI=

cli-util@~1.1.27:
  version "1.1.27"
  resolved "https://registry.yarnpkg.com/cli-util/-/cli-util-1.1.27.tgz#42d69e36a040a321fc9cf851c1513cadc5093054"
  integrity sha1-QtaeNqBAoyH8nPhRwVE8rcUJMFQ=
  dependencies:
    cli-regexp "~0.1.0"

delay@^5.0.0:
  version "5.0.0"
  resolved "https://registry.yarnpkg.com/delay/-/delay-5.0.0.tgz#137045ef1b96e5071060dd5be60bf9334436bd1d"
  integrity sha512-ReEBKkIfe4ya47wlPYf/gu5ib6yUG0/Aez0JQZQz94kiWtRQvZIQbTiehsnwHvLSWJnQdhVeqYue7Id1dKr0qw==

follow-redirects@^1.14.8:
  version "1.14.9"
  resolved "https://registry.yarnpkg.com/follow-redirects/-/follow-redirects-1.14.9.tgz#dd4ea157de7bfaf9ea9b3fbd85aa16951f78d8d7"
  integrity sha512-MQDfihBQYMcyy5dhRDJUHcw7lb2Pv/TuE6xP1vyraLukNDHKbDxDNaOE3NbCAdKQApno+GPRyo1YAp89yCjK4w==

querystring@^0.2.1:
  version "0.2.1"
  resolved "https://registry.yarnpkg.com/querystring/-/querystring-0.2.1.tgz#40d77615bb09d16902a85c3e38aa8b5ed761c2dd"
  integrity sha512-wkvS7mL/JMugcup3/rMitHmd9ecIGd2lhFhK9N3UUQ450h66d1r3Y9nvXzQAW1Lq+wyx61k/1pfKS5KuKiyEbg==

truffle-plugin-verify@^0.5.24:
  version "0.5.24"
  resolved "https://registry.yarnpkg.com/truffle-plugin-verify/-/truffle-plugin-verify-0.5.24.tgz#379dacbbdc1f5f437cd9856b27af4eab7696e01a"
  integrity sha512-kDxZ8qv4iTr5AK6hCehW4Z9xVT+1cP0F/r1Xs1rNYQb+WcN3QQTxh1Uv+rOW92fpxcoOkIKF1zSS4lQ/pC7/XA==
  dependencies:
    axios "^0.26.1"
    cli-logger "^0.5.40"
    delay "^5.0.0"
    querystring "^0.2.1"
    tunnel "0.0.6"

tunnel@0.0.6:
  version "0.0.6"
  resolved "https://registry.yarnpkg.com/tunnel/-/tunnel-0.0.6.tgz#72f1314b34a5b192db012324df2cc587ca47f92c"
  integrity sha512-1h/Lnq9yajKY2PEbBadPXj3VxsDDu844OnaAo52UVmIzIvwwtBPIuNvkjuzBlTWpfJyUbG3ez0KSBibQkj4ojg==
